github.com/connctd/digitalstrom v1.0.11 h1:8H7Oc0iYCIoR6PxsnTPMy3DvOqbzlI1WZyW6BlkNGfA=
github.com/connctd/digitalstrom v1.0.11/go.mod h1:N3d3s+nOHJ/PTW0AbCiEnlTThCknRCquQBJ5XUcpZCk=
github.com/go-logr/logr v0.4.0 h1:K7/B1jt6fIBQVd4Owv2MqGQClcgf0R266+7C/QjRcLc=
github.com/go-logr/logr v0.4.0/go.mod h1:z6/tIYblkpsD+a4lm/fGIIU9mZ+XfAiaFtq7xTgseGU=
github.com/go-logr/stdr v0.4.0 h1:ijk9G/xzDRZdMU1QRhLYdHuWvNZWqte+NZMOGsiKWbc=
github.com/go-logr/stdr v0.4.0/go.mod h1:NO1vneyJDqKVgJYnxhwXWWmQPOvNM391IG3H8ql3jiA=
github.com/google/uuid v1.3.0 h1:t6JiXgmwXMjEs8VusXIJk2BXHsn+wx8BZdTaoZ5fu7I=
github.com/google/uuid v1.3.0/go.mod h1:TIyPZe4MgqvfeYDBFedMoGGpEw/LqOeaOT+nhxU+yHo=
